
Microsoft Visual Studio Solution File, Format Version 12.00
# Visual Studio Version 16
VisualStudioVersion = 16.0.29728.190
MinimumVisualStudioVersion = 10.0.40219.1
Project("{FAE04EC0-301F-11D3-BF4B-00C04F79EFBC}") = "lab2.9", "lab2.9.csproj", "{2D836E5F-754B-4D90-845E-7D7D3B2CE9B9}"
EndProject
Global
	GlobalSection(SolutionConfigurationPlatforms) = preSolution
		Debug|Any CPU = Debug|Any CPU
		Release|Any CPU = Release|Any CPU
	EndGlobalSection
	GlobalSection(ProjectConfigurationPlatforms) = postSolution
		{2D836E5F-754B-4D90-845E-7D7D3B2CE9B9}.Debug|Any CPU.ActiveCfg = Debug|Any CPU
		{2D836E5F-754B-4D90-845E-7D7D3B2CE9B9}.Debug|Any CPU.Build.0 = Debug|Any CPU
		{2D836E5F-754B-4D90-845E-7D7D3B2CE9B9}.Release|Any CPU.ActiveCfg = Release|Any CPU
		{2D836E5F-754B-4D90-845E-7D7D3B2CE9B9}.Release|Any CPU.Build.0 = Release|Any CPU
	EndGlobalSection
	GlobalSection(SolutionProperties) = preSolution
		HideSolutionNode = FALSE
	EndGlobalSection
	GlobalSection(ExtensibilityGlobals) = postSolution
		SolutionGuid = {82605D13-4386-498F-AC6C-8B24E1DA5286}
	EndGlobalSection
EndGlobal
